Microsoft Visual Studio Solution File, Format Version 12.00
# Visual Studio Version 17
VisualStudioVersion = 17.5.2.0
MinimumVisualStudioVersion = 10.0.40219.1
Project("{FAE04EC0-301F-11D3-BF4B-00C04F79EFBC}") = "EnhanzerAPI", "EnhanzerAPI\EnhanzerAPI.csproj", "{F5835CCC-4B46-CB2A-3D6F-1F0A4F612F8F}"
EndProject
Global
	GlobalSection(SolutionConfigurationPlatforms) = preSolution
		Debug|Any CPU = Debug|Any CPU
		Release|Any CPU = Release|Any CPU
	EndGlobalSection
	GlobalSection(ProjectConfigurationPlatforms) = postSolution
		{F5835CCC-4B46-CB2A-3D6F-1F0A4F612F8F}.Debug|Any CPU.ActiveCfg = Debug|Any CPU
		{F5835CCC-4B46-CB2A-3D6F-1F0A4F612F8F}.Debug|Any CPU.Build.0 = Debug|Any CPU
		{F5835CCC-4B46-CB2A-3D6F-1F0A4F612F8F}.Release|Any CPU.ActiveCfg = Release|Any CPU
		{F5835CCC-4B46-CB2A-3D6F-1F0A4F612F8F}.Release|Any CPU.Build.0 = Release|Any CPU
	EndGlobalSection
	GlobalSection(SolutionProperties) = preSolution
		HideSolutionNode = FALSE
	EndGlobalSection
	GlobalSection(ExtensibilityGlobals) = postSolution
		SolutionGuid = {D55EAEEB-AED0-4C03-A305-174938F6B50E}
	EndGlobalSection
EndGlobal
